{
  "name": "node_upload",
  "version": "1.0.0",
  "lockfileVersion": 1,
  "requires": true,
  "dependencies": {
    "ajax-request": {
      "version": "1.2.3",
      "resolved": "https://registry.npmjs.org/ajax-request/-/ajax-request-1.2.3.tgz",
      "integrity": "sha1-mfy+wdbSeS+F+pSVNTMr0U9fN5A=",
      "requires": {
        "file-system": "2.2.2",
        "utils-extend": "1.0.8"
      }
    },
    "ba64": {
      "version": "3.0.9",
      "resolved": "https://registry.npmjs.org/ba64/-/ba64-3.0.9.tgz",
      "integrity": "sha512-4Ig7uXwZtr04n6JPZBBFPBenKniX2gTsZnbPkWSea5OA70/j8PLWxxbHuCeX1KMFVzovMumGtxSNXTQF+pG6nw=="
    },
    "base64-img": {
      "version": "1.0.3",
      "resolved": "https://registry.npmjs.org/base64-img/-/base64-img-1.0.3.tgz",
      "integrity": "sha1-qMAoSQAEcQNCHh+eAhQBEzOGaAY=",
      "requires": {
        "ajax-request": "1.2.3",
        "file-system": "2.2.2"
      }
    },
    "file-match": {
      "version": "1.0.2",
      "resolved": "https://registry.npmjs.org/file-match/-/file-match-1.0.2.tgz",
      "integrity": "sha1-ycrSZdLIrfOoFHWw30dYWQafrvc=",
      "requires": {
        "utils-extend": "1.0.8"
      }
    },
    "file-system": {
      "version": "2.2.2",
      "resolved": "https://registry.npmjs.org/file-system/-/file-system-2.2.2.tgz",
      "integrity": "sha1-fWWDPjojR9zZVqgTxncVPtPt2Yc=",
      "requires": {
        "file-match": "1.0.2",
        "utils-extend": "1.0.8"
      }
    },
    "utils-extend": {
      "version": "1.0.8",
      "resolved": "https://registry.npmjs.org/utils-extend/-/utils-extend-1.0.8.tgz",
      "integrity": "sha1-zP17ZFQPjpDuIe7Fd2nQZRyril8="
    }
  }
}
